
Microsoft Visual Studio Solution File, Format Version 12.00
# Visual Studio 15
VisualStudioVersion = 15.0.28010.2026
MinimumVisualStudioVersion = 10.0.40219.1
Project("{FAE04EC0-301F-11D3-BF4B-00C04F79EFBC}") = "PartyPlanner", "HeadFirst\PartyPlanner.csproj", "{15B9354D-C9AD-4E54-81FF-1E5E4950D978}"
EndProject
Project("{FAE04EC0-301F-11D3-BF4B-00C04F79EFBC}") = "Farm", "Farm\Farm.csproj", "{77A44DB5-01E7-4A17-81E0-BC1679A53E48}"
EndProject
Global
	GlobalSection(SolutionConfigurationPlatforms) = preSolution
		Debug|Any CPU = Debug|Any CPU
		Release|Any CPU = Release|Any CPU
	EndGlobalSection
	GlobalSection(ProjectConfigurationPlatforms) = postSolution
		{15B9354D-C9AD-4E54-81FF-1E5E4950D978}.Debug|Any CPU.ActiveCfg = Debug|Any CPU
		{15B9354D-C9AD-4E54-81FF-1E5E4950D978}.Debug|Any CPU.Build.0 = Debug|Any CPU
		{15B9354D-C9AD-4E54-81FF-1E5E4950D978}.Release|Any CPU.ActiveCfg = Release|Any CPU
		{15B9354D-C9AD-4E54-81FF-1E5E4950D978}.Release|Any CPU.Build.0 = Release|Any CPU
		{77A44DB5-01E7-4A17-81E0-BC1679A53E48}.Debug|Any CPU.ActiveCfg = Debug|Any CPU
		{77A44DB5-01E7-4A17-81E0-BC1679A53E48}.Debug|Any CPU.Build.0 = Debug|Any CPU
		{77A44DB5-01E7-4A17-81E0-BC1679A53E48}.Release|Any CPU.ActiveCfg = Release|Any CPU
		{77A44DB5-01E7-4A17-81E0-BC1679A53E48}.Release|Any CPU.Build.0 = Release|Any CPU
	EndGlobalSection
	GlobalSection(SolutionProperties) = preSolution
		HideSolutionNode = FALSE
	EndGlobalSection
	GlobalSection(ExtensibilityGlobals) = postSolution
		SolutionGuid = {F99EE104-D866-44C7-939A-40FCAF1A2F2F}
	EndGlobalSection
EndGlobal
